# Prisma Migrate lockfile v1

20201018172423-prisma-migrate-up---experimental
20201019103318-address-addition
20201019140208-add-session-field
20201019140743-added-role
20201021104358-add-base-schema
20201021105320-change-is-valid-default
20201021122010-add-user-password
20201021123622-fix-typo-in-early-access-code-table-name
20201022150132-added-basic-live-platform
20201022150744-remove-not-needed-session-field-from-user
20201022150842-make-user-name-unique
20201022195205-added-mixdown-table
20201022211946-add-mixdown-to-feed-item
20201022212237-added-listens-to-mixdown
20201023102754-make-mixdown-and-text-optional-for-feeditem
20201023130539-added-optional-name-field-for-mixdown
20201026113235-added-audio-asset-table
20201026113333-connect-audioasset-to-mixdown